
Microsoft Visual Studio Solution File, Format Version 12.00
# Visual Studio Version 16
VisualStudioVersion = 16.0.28803.156
MinimumVisualStudioVersion = 10.0.40219.1
Project("{888888A0-9F3D-457C-B088-3A5042F75D52}") = "DjangoToAndroid", "DjangoToAndroid\DjangoToAndroid.pyproj", "{8D54A7A1-C0B5-4B76-81AA-E412589BF347}"
EndProject
Global
	GlobalSection(SolutionConfigurationPlatforms) = preSolution
		Debug|Any CPU = Debug|Any CPU
		Release|Any CPU = Release|Any CPU
	EndGlobalSection
	GlobalSection(ProjectConfigurationPlatforms) = postSolution
		{8D54A7A1-C0B5-4B76-81AA-E412589BF347}.Debug|Any CPU.ActiveCfg = Debug|Any CPU
		{8D54A7A1-C0B5-4B76-81AA-E412589BF347}.Debug|Any CPU.Build.0 = Debug|Any CPU
		{8D54A7A1-C0B5-4B76-81AA-E412589BF347}.Release|Any CPU.ActiveCfg = Release|Any CPU
		{8D54A7A1-C0B5-4B76-81AA-E412589BF347}.Release|Any CPU.Build.0 = Release|Any CPU
	EndGlobalSection
	GlobalSection(SolutionProperties) = preSolution
		HideSolutionNode = FALSE
	EndGlobalSection
	GlobalSection(ExtensibilityGlobals) = postSolution
		SolutionGuid = {E463774B-ECF1-4B96-B084-98C727046314}
	EndGlobalSection
EndGlobal
